
Microsoft Visual Studio Solution File, Format Version 12.00
# Visual Studio Version 16
VisualStudioVersion = 16.0.32510.428
MinimumVisualStudioVersion = 10.0.40219.1
Project("{FAE04EC0-301F-11D3-BF4B-00C04F79EFBC}") = "ConsoleMyPro1", "ConsoleMyPro1.csproj", "{C5C0D982-0D8C-486B-B34C-7BF1BBF5F126}"
EndProject
Global
	GlobalSection(SolutionConfigurationPlatforms) = preSolution
		Debug|Any CPU = Debug|Any CPU
		Release|Any CPU = Release|Any CPU
	EndGlobalSection
	GlobalSection(ProjectConfigurationPlatforms) = postSolution
		{C5C0D982-0D8C-486B-B34C-7BF1BBF5F126}.Debug|Any CPU.ActiveCfg = Debug|Any CPU
		{C5C0D982-0D8C-486B-B34C-7BF1BBF5F126}.Debug|Any CPU.Build.0 = Debug|Any CPU
		{C5C0D982-0D8C-486B-B34C-7BF1BBF5F126}.Release|Any CPU.ActiveCfg = Release|Any CPU
		{C5C0D982-0D8C-486B-B34C-7BF1BBF5F126}.Release|Any CPU.Build.0 = Release|Any CPU
	EndGlobalSection
	GlobalSection(SolutionProperties) = preSolution
		HideSolutionNode = FALSE
	EndGlobalSection
	GlobalSection(ExtensibilityGlobals) = postSolution
		SolutionGuid = {82D31A7A-C8B7-4B1A-BA87-522F80CF4E78}
	EndGlobalSection
EndGlobal
